
Microsoft Visual Studio Solution File, Format Version 12.00
# Visual Studio 15
VisualStudioVersion = 15.0.26730.16
MinimumVisualStudioVersion = 10.0.40219.1
Project("{2150E333-8FDC-42A3-9474-1A3956D46DE8}") = "Solution Items", "Solution Items", "{D6AA5292-C579-4FAE-834E-8DB7A7860894}"
EndProject
Project("{9A19103F-16F7-4668-BE54-9A1E7A4F7556}") = "Untech.Practices.CQRS", "..\External\Untech.Practices\Src\Untech.Practices.CQRS\Untech.Practices.CQRS.csproj", "{235577CF-C863-4760-99B6-381EE2DEEDF2}"
EndProject
Project("{9A19103F-16F7-4668-BE54-9A1E7A4F7556}") = "Untech.Practices.CQRS.Abstractions", "..\External\Untech.Practices\Src\Untech.Practices.CQRS.Abstractions\Untech.Practices.CQRS.Abstractions.csproj", "{6ABFF906-9E08-446A-837C-D89023A00A33}"
EndProject
Project("{9A19103F-16F7-4668-BE54-9A1E7A4F7556}") = "Untech.Practices.Core", "..\External\Untech.Practices\Src\Untech.Practices.Core\Untech.Practices.Core.csproj", "{B94542B3-1963-494D-82A4-825133FC5099}"
EndProject
Project("{2150E333-8FDC-42A3-9474-1A3956D46DE8}") = "Untech.Practices", "Untech.Practices", "{77EB491E-6C4C-4AC7-8594-359E1ADC6F85}"
EndProject
Project("{9A19103F-16F7-4668-BE54-9A1E7A4F7556}") = "Untech.ActivityPlanner.Domain", "Untech.ActivityPlanner.Domain\Untech.ActivityPlanner.Domain.csproj", "{3706E20C-540B-4E1A-B710-59E4797DD58B}"
EndProject
Project("{9A19103F-16F7-4668-BE54-9A1E7A4F7556}") = "Untech.ActivityPlanner.Data", "Untech.ActivityPlanner.Data\Untech.ActivityPlanner.Data.csproj", "{58FEE25D-BAFE-4E54-ADEA-CFE40882C67A}"
EndProject
Project("{9A19103F-16F7-4668-BE54-9A1E7A4F7556}") = "Untech.FinancePlanner.Data", "Untech.FinancePlanner.Data\Untech.FinancePlanner.Data.csproj", "{317FF870-2E26-4DBC-BF78-617885A0A219}"
EndProject
Project("{9A19103F-16F7-4668-BE54-9A1E7A4F7556}") = "Untech.FinancePlanner.Domain", "Untech.FinancePlanner.Domain\Untech.FinancePlanner.Domain.csproj", "{8E92E6A7-3E4A-42F9-AD61-CE6D6F09E342}"
EndProject
Project("{9A19103F-16F7-4668-BE54-9A1E7A4F7556}") = "Untech.Practices.Collections", "..\External\Untech.Practices\Src\Untech.Practices.Collections\Untech.Practices.Collections.csproj", "{0F2A25B4-A03A-4E2E-B610-DD8791984C55}"
EndProject
Project("{9A19103F-16F7-4668-BE54-9A1E7A4F7556}") = "Untech.Home.Web", "Untech.Home.Web\Untech.Home.Web.csproj", "{A281CBC8-E7E6-46C0-922B-FEA6675A56A5}"
EndProject
Project("{9A19103F-16F7-4668-BE54-9A1E7A4F7556}") = "Untech.Practices.DataStorage.Abstractions", "..\External\Untech.Practices\Src\Untech.Practices.DataStorage.Abstractions\Untech.Practices.DataStorage.Abstractions.csproj", "{62CA161E-B8AB-4791-9C61-490833870AF6}"
EndProject
Project("{9A19103F-16F7-4668-BE54-9A1E7A4F7556}") = "Untech.Practices.DataStorage.Cache.Abstractions", "..\External\Untech.Practices\Src\Untech.Practices.DataStorage.Cache.Abstractions\Untech.Practices.DataStorage.Cache.Abstractions.csproj", "{FFD831F9-DDA8-405F-8D70-59365058D680}"
EndProject
Project("{9A19103F-16F7-4668-BE54-9A1E7A4F7556}") = "Untech.Integration.GoogleCalendar", "Untech.Integration.GoogleCalendar\Untech.Integration.GoogleCalendar.csproj", "{B6DB4D04-DC5F-4154-94E9-CC704802C54B}"
EndProject
Project("{FAE04EC0-301F-11D3-BF4B-00C04F79EFBC}") = "Untech.Home.Core", "Untech.Home.Core\Untech.Home.Core.csproj", "{7A0C70A1-7F4F-4422-BBC1-80FB8DB41E24}"
EndProject
Project("{FAE04EC0-301F-11D3-BF4B-00C04F79EFBC}") = "Untech.Practices.ObjectMapping.Abstractions", "..\External\Untech.Practices\Src\Untech.Practices.ObjectMapping.Abstractions\Untech.Practices.ObjectMapping.Abstractions.csproj", "{52E3B319-18D1-482A-86DE-8C159AD79547}"
EndProject
Global
	GlobalSection(SolutionConfigurationPlatforms) = preSolution
		Debug|Any CPU = Debug|Any CPU
		Release|Any CPU = Release|Any CPU
	EndGlobalSection
	GlobalSection(ProjectConfigurationPlatforms) = postSolution
		{235577CF-C863-4760-99B6-381EE2DEEDF2}.Debug|Any CPU.ActiveCfg = Debug|Any CPU
		{235577CF-C863-4760-99B6-381EE2DEEDF2}.Debug|Any CPU.Build.0 = Debug|Any CPU
		{235577CF-C863-4760-99B6-381EE2DEEDF2}.Release|Any CPU.ActiveCfg = Release|Any CPU
		{235577CF-C863-4760-99B6-381EE2DEEDF2}.Release|Any CPU.Build.0 = Release|Any CPU
		{6ABFF906-9E08-446A-837C-D89023A00A33}.Debug|Any CPU.ActiveCfg = Debug|Any CPU
		{6ABFF906-9E08-446A-837C-D89023A00A33}.Debug|Any CPU.Build.0 = Debug|Any CPU
		{6ABFF906-9E08-446A-837C-D89023A00A33}.Release|Any CPU.ActiveCfg = Release|Any CPU
		{6ABFF906-9E08-446A-837C-D89023A00A33}.Release|Any CPU.Build.0 = Release|Any CPU
		{B94542B3-1963-494D-82A4-825133FC5099}.Debug|Any CPU.ActiveCfg = Debug|Any CPU
		{B94542B3-1963-494D-82A4-825133FC5099}.Debug|Any CPU.Build.0 = Debug|Any CPU
		{B94542B3-1963-494D-82A4-825133FC5099}.Release|Any CPU.ActiveCfg = Release|Any CPU
		{B94542B3-1963-494D-82A4-825133FC5099}.Release|Any CPU.Build.0 = Release|Any CPU
		{3706E20C-540B-4E1A-B710-59E4797DD58B}.Debug|Any CPU.ActiveCfg = Debug|Any CPU
		{3706E20C-540B-4E1A-B710-59E4797DD58B}.Debug|Any CPU.Build.0 = Debug|Any CPU
		{3706E20C-540B-4E1A-B710-59E4797DD58B}.Release|Any CPU.ActiveCfg = Release|Any CPU
		{3706E20C-540B-4E1A-B710-59E4797DD58B}.Release|Any CPU.Build.0 = Release|Any CPU
		{58FEE25D-BAFE-4E54-ADEA-CFE40882C67A}.Debug|Any CPU.ActiveCfg = Debug|Any CPU
		{58FEE25D-BAFE-4E54-ADEA-CFE40882C67A}.Debug|Any CPU.Build.0 = Debug|Any CPU
		{58FEE25D-BAFE-4E54-ADEA-CFE40882C67A}.Release|Any CPU.ActiveCfg = Release|Any CPU
		{58FEE25D-BAFE-4E54-ADEA-CFE40882C67A}.Release|Any CPU.Build.0 = Release|Any CPU
		{317FF870-2E26-4DBC-BF78-617885A0A219}.Debug|Any CPU.ActiveCfg = Debug|Any CPU
		{317FF870-2E26-4DBC-BF78-617885A0A219}.Debug|Any CPU.Build.0 = Debug|Any CPU
		{317FF870-2E26-4DBC-BF78-617885A0A219}.Release|Any CPU.ActiveCfg = Release|Any CPU
		{317FF870-2E26-4DBC-BF78-617885A0A219}.Release|Any CPU.Build.0 = Release|Any CPU
		{8E92E6A7-3E4A-42F9-AD61-CE6D6F09E342}.Debug|Any CPU.ActiveCfg = Debug|Any CPU
		{8E92E6A7-3E4A-42F9-AD61-CE6D6F09E342}.Debug|Any CPU.Build.0 = Debug|Any CPU
		{8E92E6A7-3E4A-42F9-AD61-CE6D6F09E342}.Release|Any CPU.ActiveCfg = Release|Any CPU
		{8E92E6A7-3E4A-42F9-AD61-CE6D6F09E342}.Release|Any CPU.Build.0 = Release|Any CPU
		{0F2A25B4-A03A-4E2E-B610-DD8791984C55}.Debug|Any CPU.ActiveCfg = Debug|Any CPU
		{0F2A25B4-A03A-4E2E-B610-DD8791984C55}.Debug|Any CPU.Build.0 = Debug|Any CPU
		{0F2A25B4-A03A-4E2E-B610-DD8791984C55}.Release|Any CPU.ActiveCfg = Release|Any CPU
		{0F2A25B4-A03A-4E2E-B610-DD8791984C55}.Release|Any CPU.Build.0 = Release|Any CPU
		{A281CBC8-E7E6-46C0-922B-FEA6675A56A5}.Debug|Any CPU.ActiveCfg = Debug|Any CPU
		{A281CBC8-E7E6-46C0-922B-FEA6675A56A5}.Debug|Any CPU.Build.0 = Debug|Any CPU
		{A281CBC8-E7E6-46C0-922B-FEA6675A56A5}.Release|Any CPU.ActiveCfg = Release|Any CPU
		{A281CBC8-E7E6-46C0-922B-FEA6675A56A5}.Release|Any CPU.Build.0 = Release|Any CPU
		{62CA161E-B8AB-4791-9C61-490833870AF6}.Debug|Any CPU.ActiveCfg = Debug|Any CPU
		{62CA161E-B8AB-4791-9C61-490833870AF6}.Debug|Any CPU.Build.0 = Debug|Any CPU
		{62CA161E-B8AB-4791-9C61-490833870AF6}.Release|Any CPU.ActiveCfg = Release|Any CPU
		{62CA161E-B8AB-4791-9C61-490833870AF6}.Release|Any CPU.Build.0 = Release|Any CPU
		{FFD831F9-DDA8-405F-8D70-59365058D680}.Debug|Any CPU.ActiveCfg = Debug|Any CPU
		{FFD831F9-DDA8-405F-8D70-59365058D680}.Debug|Any CPU.Build.0 = Debug|Any CPU
		{FFD831F9-DDA8-405F-8D70-59365058D680}.Release|Any CPU.ActiveCfg = Release|Any CPU
		{FFD831F9-DDA8-405F-8D70-59365058D680}.Release|Any CPU.Build.0 = Release|Any CPU
		{B6DB4D04-DC5F-4154-94E9-CC704802C54B}.Debug|Any CPU.ActiveCfg = Debug|Any CPU
		{B6DB4D04-DC5F-4154-94E9-CC704802C54B}.Debug|Any CPU.Build.0 = Debug|Any CPU
		{B6DB4D04-DC5F-4154-94E9-CC704802C54B}.Release|Any CPU.ActiveCfg = Release|Any CPU
		{B6DB4D04-DC5F-4154-94E9-CC704802C54B}.Release|Any CPU.Build.0 = Release|Any CPU
		{7A0C70A1-7F4F-4422-BBC1-80FB8DB41E24}.Debug|Any CPU.ActiveCfg = Debug|Any CPU
		{7A0C70A1-7F4F-4422-BBC1-80FB8DB41E24}.Debug|Any CPU.Build.0 = Debug|Any CPU
		{7A0C70A1-7F4F-4422-BBC1-80FB8DB41E24}.Release|Any CPU.ActiveCfg = Release|Any CPU
		{7A0C70A1-7F4F-4422-BBC1-80FB8DB41E24}.Release|Any CPU.Build.0 = Release|Any CPU
		{52E3B319-18D1-482A-86DE-8C159AD79547}.Debug|Any CPU.ActiveCfg = Debug|Any CPU
		{52E3B319-18D1-482A-86DE-8C159AD79547}.Debug|Any CPU.Build.0 = Debug|Any CPU
		{52E3B319-18D1-482A-86DE-8C159AD79547}.Release|Any CPU.ActiveCfg = Release|Any CPU
		{52E3B319-18D1-482A-86DE-8C159AD79547}.Release|Any CPU.Build.0 = Release|Any CPU
	EndGlobalSection
	GlobalSection(SolutionProperties) = preSolution
		HideSolutionNode = FALSE
	EndGlobalSection
	GlobalSection(NestedProjects) = preSolution
		{235577CF-C863-4760-99B6-381EE2DEEDF2} = {77EB491E-6C4C-4AC7-8594-359E1ADC6F85}
		{6ABFF906-9E08-446A-837C-D89023A00A33} = {77EB491E-6C4C-4AC7-8594-359E1ADC6F85}
		{B94542B3-1963-494D-82A4-825133FC5099} = {77EB491E-6C4C-4AC7-8594-359E1ADC6F85}
		{0F2A25B4-A03A-4E2E-B610-DD8791984C55} = {77EB491E-6C4C-4AC7-8594-359E1ADC6F85}
		{62CA161E-B8AB-4791-9C61-490833870AF6} = {77EB491E-6C4C-4AC7-8594-359E1ADC6F85}
		{FFD831F9-DDA8-405F-8D70-59365058D680} = {77EB491E-6C4C-4AC7-8594-359E1ADC6F85}
		{52E3B319-18D1-482A-86DE-8C159AD79547} = {77EB491E-6C4C-4AC7-8594-359E1ADC6F85}
	EndGlobalSection
	GlobalSection(ExtensibilityGlobals) = postSolution
		SolutionGuid = {B8A325F9-7549-4ED8-8BDA-13DEC0BDB03F}
	EndGlobalSection
EndGlobal
